version = 1
revision = 2
requires-python = ">=3.13"

[[package]]
name = "anyio"
version = "4.12.1"
source = { registry = "https://pypi.org/simple" }
dependencies = [
    { name = "idna" },
]
sdist = { url = "https://files.pythonhosted.org/packages/96/f0/5eb65b2bb0d09ac6776f2eb54adee6abe8228ea05b20a5ad0e4945de8aac/anyio-4.12.1.tar.gz", hash = "sha256:41cfcc3a4c85d3f05c932da7c26d0201ac36f72abd4435ba90d0464a3ffed703", size = 228685, upload-time = "2026-01-06T11:45:21.246Z" }
wheels = [
    { url = "https://files.pythonhosted.org/packages/38/0e/27be9fdef66e72d64c0cdc3cc2823101b80585f8119b5c112c2e8f5f7dab/anyio-4.12.1-py3-none-any.whl", hash = "sha256:d405828884fc140aa80a3c667b8beed277f1dfedec42ba031bd6ac3db606ab6c", size = 113592, upload-time = "2026-01-06T11:45:19.497Z" },
]

[[package]]
name = "certifi"
version = "2026.2.25"
source = { registry = "https://pypi.org/simple" }
sdist = { url = "https://files.pythonhosted.org/packages/af/2d/7bf41579a8986e348fa033a31cdd0e4121114f6bce2457e8876010b092dd/certifi-2026.2.25.tar.gz", hash = "sha256:e887ab5cee78ea814d3472169153c2d12cd43b14bd03329a39a9c6e2e80bfba7", size = 155029, upload-time = "2026-02-25T02:54:17.342Z" }
wheels = [
    { url = "https://files.pythonhosted.org/packages/9a/3c/c17fb3ca2d9c3acff52e30b309f538586f9f5b9c9cf454f3845fc9af4881/certifi-2026.2.25-py3-none-any.whl", hash = "sha256:027692e4402ad994f1c42e52a4997a9763c646b73e4096e4d5d6db8af1d6f0fa", size = 153684, upload-time = "2026-02-25T02:54:15.766Z" },
]

[[package]]
name = "colorama"
version = "0.4.6"
source = { registry = "https://pypi.org/simple" }
sdist = { url = "https://files.pythonhosted.org/packages/d8/53/6f443c9a4a8358a93a6792e2acffb9d9d5cb0a5cfd8802644b7b1c9a02e4/colorama-0.4.6.tar.gz", hash = "sha256:08695f5cb7ed6e0531a20572697297273c47b8cae5a63ffc6d6ed5c201be6e44", size = 27697, upload-time = "2022-10-25T02:36:22.414Z" }
wheels = [
    { url = "https://files.pythonhosted.org/packages/d1/d6/3965ed04c63042e047cb6a3e6ed1a63a35087b6a609aa3a15ed8ac56c221/colorama-0.4.6-py2.py3-none-any.whl", hash = "sha256:4f1d9991f5acc0ca119f9d443620b77f9d6b33703e51011c16baf57afb285fc6", size = 25335, upload-time = "2022-10-25T02:36:20.889Z" },
]

[[package]]
name = "docstring-parser"
version = "0.17.0"
source = { registry = "https://pypi.org/simple" }
sdist = { url = "https://files.pythonhosted.org/packages/b2/9d/c3b43da9515bd270df0f80548d9944e389870713cc1fe2b8fb35fe2bcefd/docstring_parser-0.17.0.tar.gz", hash = "sha256:583de4a309722b3315439bb31d64ba3eebada841f2e2cee23b99df001434c912", size = 27442, upload-time = "2025-07-21T07:35:01.868Z" }
wheels = [
    { url = "https://files.pythonhosted.org/packages/55/e2/2537ebcff11c1ee1ff17d8d0b6f4db75873e3b0fb32c2d4a2ee31ecb310a/docstring_parser-0.17.0-py3-none-any.whl", hash = "sha256:cf2569abd23dce8099b300f9b4fa8191e9582dda731fd533daf54c4551658708", size = 36896, upload-time = "2025-07-21T07:35:00.684Z" },
]

[[package]]
name = "falcon"
version = "4.2.0"
source = { registry = "https://pypi.org/simple" }
sdist = { url = "https://files.pythonhosted.org/packages/ba/15/5a4d8d62e8b338d2ec4430965b51b592695e859d0c6bf104afa1ce927eed/falcon-4.2.0.tar.gz", hash = "sha256:c13e86e49696d6655411fe09473c34997e49ff45e8cdf7576297b0ca71ceac3d", size = 665894, upload-time = "2025-11-10T19:35:46.334Z" }
wheels = [
    { url = "https://files.pythonhosted.org/packages/c0/4e/297ea3daeca5421e9a3ab10f18de6b8abcd226e8e10963a793de30826868/falcon-4.2.0-cp313-cp313-macosx_11_0_arm64.whl", hash = "sha256:00363f9d9273a1281ca7aa1d9dbecea09c172e7bb08e0acefa0a0234a3f94593", size = 417146, upload-time = "2025-11-10T19:44:36.5Z" },
    { url = "https://files.pythonhosted.org/packages/a4/5b/2614b6b77708a4322bbf8f17ae4218cf05ebcb536e77376744d52da7bc6c/falcon-4.2.0-cp313-cp313-manylinux2014_aarch64.manylinux_2_17_aarch64.manylinux_2_28_aarch64.whl", hash = "sha256:cd2059695f107e867fd12141d05771d5c6cbecc30a135f7d91ef06bfea94f05e", size = 861029, upload-time = "2025-11-10T19:44:38.214Z" },
    { url = "https://files.pythonhosted.org/packages/02/8e/77f9a539f119874e3d17cfeb2317b1053ab20dc8a0a83d31519bff8eeb84/falcon-4.2.0-cp313-cp313-manylinux2014_s390x.manylinux_2_17_s390x.manylinux_2_28_s390x.whl", hash = "sha256:e0b1f69a97b3406feba07f41dde177b4c3dfa7046f6b977d4554772dc26252e7", size = 899879, upload-time = "2025-11-10T19:44:40.006Z" },
    { url = "https://files.pythonhosted.org/packages/10/07/2a2b28e7170cedd085398a1024344aafb64645edd4d527f9c4055acde524/falcon-4.2.0-cp313-cp313-manylinux2014_x86_64.manylinux_2_17_x86_64.manylinux_2_28_x86_64.whl", hash = "sha256:4a54fa6c5f8a428a2e9b7ff7b936c566fe7bdcc50f965cea37fee9523eab1b74", size = 870266, upload-time = "2025-11-10T19:44:41.97Z" },
    { url = "https://files.pythonhosted.org/packages/b3/15/7251ec24c8adef5d53cbde701eb057ec63c1697fe8deb1bda4c2f39dc4d9/falcon-4.2.0-cp313-cp313-musllinux_1_2_aarch64.whl", hash = "sha256:801e2c77c72b1777d09be7a72163b38209f5f9e42930bfe3dfdf027e7d84d035", size = 850215, upload-time = "2025-11-10T19:44:43.633Z" },
    { url = "https://files.pythonhosted.org/packages/41/10/46a8dc6bbdb6eaca3ebac6afedc54084455cb928358b322ccbd815009f3a/falcon-4.2.0-cp313-cp313-musllinux_1_2_x86_64.whl", hash = "sha256:f998402bf889cdd23cde29e7421469cdf2ef95afc71b2cdef7ed4957d0cd97f6", size = 866901, upload-time = "2025-11-10T19:44:45.576Z" },
    { url = "https://files.pythonhosted.org/packages/1b/00/52149f315d7cc2c2ca1964906b35eb13eacc3d08192103b5829882902e77/falcon-4.2.0-cp313-cp313-win_amd64.whl", hash = "sha256:584d000e9ffae5044f5fe6bf74d399edebb54926bb4a133d3caf03e529b8c616", size = 411913, upload-time = "2025-11-10T19:44:47.28Z" },
    { url = "https://files.pythonhosted.org/packages/fc/3d/768211a8fe05f3a5ebfa78b481e860acbd68fc813692384bf92134046564/falcon-4.2.0-cp314-cp314-macosx_11_0_arm64.whl", hash = "sha256:ae9304c60b5fe84ffb35e91e1a1f071543a303edb252999800531ea01133c0d4", size = 418228, upload-time = "2025-11-10T19:44:48.905Z" },
    { url = "https://files.pythonhosted.org/packages/2d/66/ff03c5f75c0106d68744585d099f6de4cd279338fb7f6cb2173b7ea77c07/falcon-4.2.0-cp314-cp314-manylinux2014_aarch64.manylinux_2_17_aarch64.manylinux_2_28_aarch64.whl", hash = "sha256:16533a0ade619cc8e7f670330d4c12fa0bff74de88bfb29f3d3cf1b2023d31b8", size = 862543, upload-time = "2025-11-10T19:44:50.823Z" },
    { url = "https://files.pythonhosted.org/packages/8c/7a/5472153506db663531e50a4c47325eb9c837d6f0dbfccaa5fe54cc4dad8f/falcon-4.2.0-cp314-cp314-manylinux2014_s390x.manylinux_2_17_s390x.manylinux_2_28_s390x.whl", hash = "sha256:1f3ddffc958d4e625281a321164c77ebbf537c0f2f5290b06ee1144b90386a5f", size = 896541, upload-time = "2025-11-10T19:44:52.265Z" },
    { url = "https://files.pythonhosted.org/packages/4f/9b/11c0abc444795087c8d60e070383531ce7d35b4acca59adf37a468f956f6/falcon-4.2.0-cp314-cp314-manylinux2014_x86_64.manylinux_2_17_x86_64.manylinux_2_28_x86_64.whl", hash = "sha256:d0c501f8206b9bf361826bfe8f108c7368afcae64df3ed38589b9becefdfad63", size = 865903, upload-time = "2025-11-10T19:44:54.075Z" },
    { url = "https://files.pythonhosted.org/packages/1f/cd/98edd3a09aede9b22add51b803e386b9a5199bc13b6b8532fdae6c71ed91/falcon-4.2.0-cp314-cp314-musllinux_1_2_aarch64.whl", hash = "sha256:402f38101b434415ecff72e5aa440c4f71ab45a879f455ab7d5655050e8ed218", size = 851981, upload-time = "2025-11-10T19:44:55.826Z" },
    { url = "https://files.pythonhosted.org/packages/35/b5/4d0d70efd0f8fec641e7f500fdaab093b92062d103a4ca8979a17f81f6ce/falcon-4.2.0-cp314-cp314-musllinux_1_2_x86_64.whl", hash = "sha256:2ca9194a3e8a9eace3bc0efaef50b4244beabd75cdd716611e244646efc6828a", size = 864967, upload-time = "2025-11-10T19:44:57.671Z" },
    { url = "https://files.pythonhosted.org/packages/b6/9c/1dc2f1cae75163c4cd1b89a7fe95971ed139d41a4c0c8c80a98319ab8673/falcon-4.2.0-cp314-cp314-win_amd64.whl", hash = "sha256:e0bd6384952b9e12d3ae84675df4862bdbaa1111cd52db17d70cdf60f8abe4b6", size = 414564, upload-time = "2025-11-10T19:44:59.49Z" },
    { url = "https://files.pythonhosted.org/packages/83/2c/598bcac53375ad12e8691efdac9fa98df6118dba5810c20904aa9677ae63/falcon-4.2.0-cp314-cp314t-manylinux2014_aarch64.manylinux_2_17_aarch64.manylinux_2_28_aarch64.whl", hash = "sha256:de67c7ed58a124f9f04337d254ec9db0e9fa0772d25f1c8f260c1c47878dc556", size = 979145, upload-time = "2025-11-10T19:45:00.961Z" },
    { url = "https://files.pythonhosted.org/packages/2f/29/4dfe7abea2a4c684ce8c1fd715e03eb4053f23af20a697cc9f078432bf8a/falcon-4.2.0-cp314-cp314t-manylinux2014_x86_64.manylinux_2_17_x86_64.manylinux_2_28_x86_64.whl", hash = "sha256:bd8c19241aa66ecf494cd16d1cdc71de2cfbb3f76cafb7176e92708786001340", size = 966332, upload-time = "2025-11-10T19:45:02.813Z" },
    { url = "https://files.pythonhosted.org/packages/f2/7a/d8c713978a5f1b99a2431d06823dd84157c2824dcbf0f7f92157477c8e83/falcon-4.2.0-cp314-cp314t-musllinux_1_2_aarch64.whl", hash = "sha256:aef6cd21a6e1b51c79038ff2e0b30746a68c7710307e5f5f0839338d7129577c", size = 951844, upload-time = "2025-11-10T19:45:05.999Z" },
    { url = "https://files.pythonhosted.org/packages/22/63/7593a5212c62e9cda7b62b214f7fc73826ceaa5bb983e5536c7cdebf7ac5/falcon-4.2.0-cp314-cp314t-musllinux_1_2_x86_64.whl", hash = "sha256:6c132bb94351bddde993aad5147f9f3d9a942e2d93aece9d693723fb96fc8f51", size = 957947, upload-time = "2025-11-10T19:45:07.653Z" },
    { url = "https://files.pythonhosted.org/packages/59/27/502e9778d40f5f8ff2979c40a019733bfc9aacf249a89633666708407899/falcon-4.2.0-py3-none-any.whl", hash = "sha256:1d64afeca0dc03e7bed0202681dab4844544d8f6855c23e13f11a6eb10ac50ff", size = 324638, upload-time = "2025-11-10T19:35:43.812Z" },
]

[[package]]
name = "h11"
version = "0.16.0"
source = { registry = "https://pypi.org/simple" }
sdist = { url = "https://files.pythonhosted.org/packages/01/ee/02a2c011bdab74c6fb3c75474d40b3052059d95df7e73351460c8588d963/h11-0.16.0.tar.gz", hash = "sha256:4e35b956cf45792e4caa5885e69fba00bdbc6ffafbfa020300e549b208ee5ff1", size = 101250, upload-time = "2025-04-24T03:35:25.427Z" }
wheels = [
    { url = "https://files.pythonhosted.org/packages/04/4b/29cac41a4d98d144bf5f6d33995617b185d14b22401f75ca86f384e87ff1/h11-0.16.0-py3-none-any.whl", hash = "sha256:63cf8bbe7522de3bf65932fda1d9c2772064ffb3dae62d55932da54b31cb6c86", size = 37515, upload-time = "2025-04-24T03:35:24.344Z" },
]

[[package]]
name = "httpcore"
version = "1.0.9"
source = { registry = "https://pypi.org/simple" }
dependencies = [
    { name = "certifi" },
    { name = "h11" },
]
sdist = { url = "https://files.pythonhosted.org/packages/06/94/82699a10bca87a5556c9c59b5963f2d039dbd239f25bc2a63907a05a14cb/httpcore-1.0.9.tar.gz", hash = "sha256:6e34463af53fd2ab5d807f399a9b45ea31c3dfa2276f15a2c3f00afff6e176e8", size = 85484, upload-time = "2025-04-24T22:06:22.219Z" }
wheels = [
    { url = "https://files.pythonhosted.org/packages/7e/f5/f66802a942d491edb555dd61e3a9961140fd64c90bce1eafd741609d334d/httpcore-1.0.9-py3-none-any.whl", hash = "sha256:2d400746a40668fc9dec9810239072b40b4484b640a8c38fd654a024c7a1bf55", size = 78784, upload-time = "2025-04-24T22:06:20.566Z" },
]

[[package]]
name = "httpx"
version = "0.28.1"
source = { registry = "https://pypi.org/simple" }
dependencies = [
    { name = "anyio" },
    { name = "certifi" },
    { name = "httpcore" },
    { name = "idna" },
]
sdist = { url = "https://files.pythonhosted.org/packages/b1/df/48c586a5fe32a0f01324ee087459e112ebb7224f646c0b5023f5e79e9956/httpx-0.28.1.tar.gz", hash = "sha256:75e98c5f16b0f35b567856f597f06ff2270a374470a5c2392242528e3e3e42fc", size = 141406, upload-time = "2024-12-06T15:37:23.222Z" }
wheels = [
    { url = "https://files.pythonhosted.org/packages/2a/39/e50c7c3a983047577ee07d2a9e53faf5a69493943ec3f6a384bdc792deb2/httpx-0.28.1-py3-none-any.whl", hash = "sha256:d909fcccc110f8c7faf814ca82a9a4d816bc5a6dbfea25d6591d6985b8ba59ad", size = 73517, upload-time = "2024-12-06T15:37:21.509Z" },
]

[[package]]
name = "idna"
version = "3.11"
source = { registry = "https://pypi.org/simple" }
sdist = { url = "https://files.pythonhosted.org/packages/6f/6d/0703ccc57f3a7233505399edb88de3cbd678da106337b9fcde432b65ed60/idna-3.11.tar.gz", hash = "sha256:795dafcc9c04ed0c1fb032c2aa73654d8e8c5023a7df64a53f39190ada629902", size = 194582, upload-time = "2025-10-12T14:55:20.501Z" }
wheels = [
    { url = "https://files.pythonhosted.org/packages/0e/61/66938bbb5fc52dbdf84594873d5b51fb1f7c7794e9c0f5bd885f30bc507b/idna-3.11-py3-none-any.whl", hash = "sha256:771a87f49d9defaf64091e6e6fe9c18d4833f140bd19464795bc32d966ca37ea", size = 71008, upload-time = "2025-10-12T14:55:18.883Z" },
]

[[package]]
name = "importlib-metadata"
version = "8.7.1"
source = { registry = "https://pypi.org/simple" }
dependencies = [
    { name = "zipp" },
]
sdist = { url = "https://files.pythonhosted.org/packages/f3/49/3b30cad09e7771a4982d9975a8cbf64f00d4a1ececb53297f1d9a7be1b10/importlib_metadata-8.7.1.tar.gz", hash = "sha256:49fef1ae6440c182052f407c8d34a68f72efc36db9ca90dc0113398f2fdde8bb", size = 57107, upload-time = "2025-12-21T10:00:19.278Z" }
wheels = [
    { url = "https://files.pythonhosted.org/packages/fa/5e/f8e9a1d23b9c20a551a8a02ea3637b4642e22c2626e3a13a9a29cdea99eb/importlib_metadata-8.7.1-py3-none-any.whl", hash = "sha256:5a1f80bf1daa489495071efbb095d75a634cf28a8bc299581244063b53176151", size = 27865, upload-time = "2025-12-21T10:00:18.329Z" },
]

[[package]]
name = "iniconfig"
version = "2.3.0"
source = { registry = "https://pypi.org/simple" }
sdist = { url = "https://files.pythonhosted.org/packages/72/34/14ca021ce8e5dfedc35312d08ba8bf51fdd999c576889fc2c24cb97f4f10/iniconfig-2.3.0.tar.gz", hash = "sha256:c76315c77db068650d49c5b56314774a7804df16fee4402c1f19d6d15d8c4730", size = 20503, upload-time = "2025-10-18T21:55:43.219Z" }
wheels = [
    { url = "https://files.pythonhosted.org/packages/cb/b1/3846dd7f199d53cb17f49cba7e651e9ce294d8497c8c150530ed11865bb8/iniconfig-2.3.0-py3-none-any.whl", hash = "sha256:f631c04d2c48c52b84d0d0549c99ff3859c98df65b3101406327ecc7d53fbf12", size = 7484, upload-time = "2025-10-18T21:55:41.639Z" },
]

[[package]]
name = "opentelemetry-api"
version = "1.40.0"
source = { registry = "https://pypi.org/simple" }
dependencies = [
    { name = "importlib-metadata" },
    { name = "typing-extensions" },
]
sdist = { url = "https://files.pythonhosted.org/packages/2c/1d/4049a9e8698361cc1a1aa03a6c59e4fa4c71e0c0f94a30f988a6876a2ae6/opentelemetry_api-1.40.0.tar.gz", hash = "sha256:159be641c0b04d11e9ecd576906462773eb97ae1b657730f0ecf64d32071569f", size = 70851, upload-time = "2026-03-04T14:17:21.555Z" }
wheels = [
    { url = "https://files.pythonhosted.org/packages/5f/bf/93795954016c522008da367da292adceed71cca6ee1717e1d64c83089099/opentelemetry_api-1.40.0-py3-none-any.whl", hash = "sha256:82dd69331ae74b06f6a874704be0cfaa49a1650e1537d4a813b86ecef7d0ecf9", size = 68676, upload-time = "2026-03-04T14:17:01.24Z" },
]

[[package]]
name = "opentelemetry-sdk"
version = "1.40.0"
source = { registry = "https://pypi.org/simple" }
dependencies = [
    { name = "opentelemetry-api" },
    { name = "opentelemetry-semantic-conventions" },
    { name = "typing-extensions" },
]
sdist = { url = "https://files.pythonhosted.org/packages/58/fd/3c3125b20ba18ce2155ba9ea74acb0ae5d25f8cd39cfd37455601b7955cc/opentelemetry_sdk-1.40.0.tar.gz", hash = "sha256:18e9f5ec20d859d268c7cb3c5198c8d105d073714db3de50b593b8c1345a48f2", size = 184252, upload-time = "2026-03-04T14:17:31.87Z" }
wheels = [
    { url = "https://files.pythonhosted.org/packages/2c/c5/6a852903d8bfac758c6dc6e9a68b015d3c33f2f1be5e9591e0f4b69c7e0a/opentelemetry_sdk-1.40.0-py3-none-any.whl", hash = "sha256:787d2154a71f4b3d81f20524a8ce061b7db667d24e46753f32a7bc48f1c1f3f1", size = 141951, upload-time = "2026-03-04T14:17:17.961Z" },
]

[[package]]
name = "opentelemetry-semantic-conventions"
version = "0.61b0"
source = { registry = "https://pypi.org/simple" }
dependencies = [
    { name = "opentelemetry-api" },
    { name = "typing-extensions" },
]
sdist = { url = "https://files.pythonhosted.org/packages/6d/c0/4ae7973f3c2cfd2b6e321f1675626f0dab0a97027cc7a297474c9c8f3d04/opentelemetry_semantic_conventions-0.61b0.tar.gz", hash = "sha256:072f65473c5d7c6dc0355b27d6c9d1a679d63b6d4b4b16a9773062cb7e31192a", size = 145755, upload-time = "2026-03-04T14:17:32.664Z" }
wheels = [
    { url = "https://files.pythonhosted.org/packages/b2/37/cc6a55e448deaa9b27377d087da8615a3416d8ad523d5960b78dbeadd02a/opentelemetry_semantic_conventions-0.61b0-py3-none-any.whl", hash = "sha256:fa530a96be229795f8cef353739b618148b0fe2b4b3f005e60e262926c4d38e2", size = 231621, upload-time = "2026-03-04T14:17:19.33Z" },
]

[[package]]
name = "packaging"
version = "26.0"
source = { registry = "https://pypi.org/simple" }
sdist = { url = "https://files.pythonhosted.org/packages/65/ee/299d360cdc32edc7d2cf530f3accf79c4fca01e96ffc950d8a52213bd8e4/packaging-26.0.tar.gz", hash = "sha256:00243ae351a257117b6a241061796684b084ed1c516a08c48a3f7e147a9d80b4", size = 143416, upload-time = "2026-01-21T20:50:39.064Z" }
wheels = [
    { url = "https://files.pythonhosted.org/packages/b7/b9/c538f279a4e237a006a2c98387d081e9eb060d203d8ed34467cc0f0b9b53/packaging-26.0-py3-none-any.whl", hash = "sha256:b36f1fef9334a5588b4166f8bcd26a14e521f2b55e6b9de3aaa80d3ff7a37529", size = 74366, upload-time = "2026-01-21T20:50:37.788Z" },
]

[[package]]
name = "pluggy"
version = "1.6.0"
source = { registry = "https://pypi.org/simple" }
sdist = { url = "https://files.pythonhosted.org/packages/f9/e2/3e91f31a7d2b083fe6ef3fa267035b518369d9511ffab804f839851d2779/pluggy-1.6.0.tar.gz", hash = "sha256:7dcc130b76258d33b90f61b658791dede3486c3e6bfb003ee5c9bfb396dd22f3", size = 69412, upload-time = "2025-05-15T12:30:07.975Z" }
wheels = [
    { url = "https://files.pythonhosted.org/packages/54/20/4d324d65cc6d9205fabedc306948156824eb9f0ee1633355a8f7ec5c66bf/pluggy-1.6.0-py3-none-any.whl", hash = "sha256:e920276dd6813095e9377c0bc5566d94c932c33b27a3e3945d8389c374dd4746", size = 20538, upload-time = "2025-05-15T12:30:06.134Z" },
]

[[package]]
name = "pyarrow"
version = "23.0.1"
source = { registry = "https://pypi.org/simple" }
sdist = { url = "https://files.pythonhosted.org/packages/88/22/134986a4cc224d593c1afde5494d18ff629393d74cc2eddb176669f234a4/pyarrow-23.0.1.tar.gz", hash = "sha256:b8c5873e33440b2bc2f4a79d2b47017a89c5a24116c055625e6f2ee50523f019", size = 1167336, upload-time = "2026-02-16T10:14:12.39Z" }
wheels = [
    { url = "https://files.pythonhosted.org/packages/47/10/2cbe4c6f0fb83d2de37249567373d64327a5e4d8db72f486db42875b08f6/pyarrow-23.0.1-cp313-cp313-macosx_12_0_arm64.whl", hash = "sha256:6b8fda694640b00e8af3c824f99f789e836720aa8c9379fb435d4c4953a756b8", size = 34210066, upload-time = "2026-02-16T10:10:45.487Z" },
    { url = "https://files.pythonhosted.org/packages/cb/4f/679fa7e84dadbaca7a65f7cdba8d6c83febbd93ca12fa4adf40ba3b6362b/pyarrow-23.0.1-cp313-cp313-macosx_12_0_x86_64.whl", hash = "sha256:8ff51b1addc469b9444b7c6f3548e19dc931b172ab234e995a60aea9f6e6025f", size = 35825526, upload-time = "2026-02-16T10:10:52.266Z" },
    { url = "https://files.pythonhosted.org/packages/f9/63/d2747d930882c9d661e9398eefc54f15696547b8983aaaf11d4a2e8b5426/pyarrow-23.0.1-cp313-cp313-manylinux_2_28_aarch64.whl", hash = "sha256:71c5be5cbf1e1cb6169d2a0980850bccb558ddc9b747b6206435313c47c37677", size = 44473279, upload-time = "2026-02-16T10:11:01.557Z" },
    { url = "https://files.pythonhosted.org/packages/b3/93/10a48b5e238de6d562a411af6467e71e7aedbc9b87f8d3a35f1560ae30fb/pyarrow-23.0.1-cp313-cp313-manylinux_2_28_x86_64.whl", hash = "sha256:9b6f4f17b43bc39d56fec96e53fe89d94bac3eb134137964371b45352d40d0c2", size = 47585798, upload-time = "2026-02-16T10:11:09.401Z" },
    { url = "https://files.pythonhosted.org/packages/5c/20/476943001c54ef078dbf9542280e22741219a184a0632862bca4feccd666/pyarrow-23.0.1-cp313-cp313-musllinux_1_2_aarch64.whl", hash = "sha256:9fc13fc6c403d1337acab46a2c4346ca6c9dec5780c3c697cf8abfd5e19b6b37", size = 48179446, upload-time = "2026-02-16T10:11:17.781Z" },
    { url = "https://files.pythonhosted.org/packages/4b/b6/5dd0c47b335fcd8edba9bfab78ad961bd0fd55ebe53468cc393f45e0be60/pyarrow-23.0.1-cp313-cp313-musllinux_1_2_x86_64.whl", hash = "sha256:5c16ed4f53247fa3ffb12a14d236de4213a4415d127fe9cebed33d51671113e2", size = 50623972, upload-time = "2026-02-16T10:11:26.185Z" },
    { url = "https://files.pythonhosted.org/packages/d5/09/a532297c9591a727d67760e2e756b83905dd89adb365a7f6e9c72578bcc1/pyarrow-23.0.1-cp313-cp313-win_amd64.whl", hash = "sha256:cecfb12ef629cf6be0b1887f9f86463b0dd3dc3195ae6224e74006be4736035a", size = 27540749, upload-time = "2026-02-16T10:12:23.297Z" },
    { url = "https://files.pythonhosted.org/packages/a5/8e/38749c4b1303e6ae76b3c80618f84861ae0c55dd3c2273842ea6f8258233/pyarrow-23.0.1-cp313-cp313t-macosx_12_0_arm64.whl", hash = "sha256:29f7f7419a0e30264ea261fdc0e5fe63ce5a6095003db2945d7cd78df391a7e1", size = 34471544, upload-time = "2026-02-16T10:11:32.535Z" },
    { url = "https://files.pythonhosted.org/packages/a3/73/f237b2bc8c669212f842bcfd842b04fc8d936bfc9d471630569132dc920d/pyarrow-23.0.1-cp313-cp313t-macosx_12_0_x86_64.whl", hash = "sha256:33d648dc25b51fd8055c19e4261e813dfc4d2427f068bcecc8b53d01b81b0500", size = 35949911, upload-time = "2026-02-16T10:11:39.813Z" },
    { url = "https://files.pythonhosted.org/packages/0c/86/b912195eee0903b5611bf596833def7d146ab2d301afeb4b722c57ffc966/pyarrow-23.0.1-cp313-cp313t-manylinux_2_28_aarch64.whl", hash = "sha256:cd395abf8f91c673dd3589cadc8cc1ee4e8674fa61b2e923c8dd215d9c7d1f41", size = 44520337, upload-time = "2026-02-16T10:11:47.764Z" },
    { url = "https://files.pythonhosted.org/packages/69/c2/f2a717fb824f62d0be952ea724b4f6f9372a17eed6f704b5c9526f12f2f1/pyarrow-23.0.1-cp313-cp313t-manylinux_2_28_x86_64.whl", hash = "sha256:00be9576d970c31defb5c32eb72ef585bf600ef6d0a82d5eccaae96639cf9d07", size = 47548944, upload-time = "2026-02-16T10:11:56.607Z" },
    { url = "https://files.pythonhosted.org/packages/84/a7/90007d476b9f0dc308e3bc57b832d004f848fd6c0da601375d20d92d1519/pyarrow-23.0.1-cp313-cp313t-musllinux_1_2_aarch64.whl", hash = "sha256:c2139549494445609f35a5cda4eb94e2c9e4d704ce60a095b342f82460c73a83", size = 48236269, upload-time = "2026-02-16T10:12:04.47Z" },
    { url = "https://files.pythonhosted.org/packages/b0/3f/b16fab3e77709856eb6ac328ce35f57a6d4a18462c7ca5186ef31b45e0e0/pyarrow-23.0.1-cp313-cp313t-musllinux_1_2_x86_64.whl", hash = "sha256:7044b442f184d84e2351e5084600f0d7343d6117aabcbc1ac78eb1ae11eb4125", size = 50604794, upload-time = "2026-02-16T10:12:11.797Z" },
    { url = "https://files.pythonhosted.org/packages/e9/a1/22df0620a9fac31d68397a75465c344e83c3dfe521f7612aea33e27ab6c0/pyarrow-23.0.1-cp313-cp313t-win_amd64.whl", hash = "sha256:a35581e856a2fafa12f3f54fce4331862b1cfb0bef5758347a858a4aa9d6bae8", size = 27660642, upload-time = "2026-02-16T10:12:17.746Z" },
    { url = "https://files.pythonhosted.org/packages/8d/1b/6da9a89583ce7b23ac611f183ae4843cd3a6cf54f079549b0e8c14031e73/pyarrow-23.0.1-cp314-cp314-macosx_12_0_arm64.whl", hash = "sha256:5df1161da23636a70838099d4aaa65142777185cc0cdba4037a18cee7d8db9ca", size = 34238755, upload-time = "2026-02-16T10:12:32.819Z" },
    { url = "https://files.pythonhosted.org/packages/ae/b5/d58a241fbe324dbaeb8df07be6af8752c846192d78d2272e551098f74e88/pyarrow-23.0.1-cp314-cp314-macosx_12_0_x86_64.whl", hash = "sha256:fa8e51cb04b9f8c9c5ace6bab63af9a1f88d35c0d6cbf53e8c17c098552285e1", size = 35847826, upload-time = "2026-02-16T10:12:38.949Z" },
    { url = "https://files.pythonhosted.org/packages/54/a5/8cbc83f04aba433ca7b331b38f39e000efd9f0c7ce47128670e737542996/pyarrow-23.0.1-cp314-cp314-manylinux_2_28_aarch64.whl", hash = "sha256:0b95a3994f015be13c63148fef8832e8a23938128c185ee951c98908a696e0eb", size = 44536859, upload-time = "2026-02-16T10:12:45.467Z" },
    { url = "https://files.pythonhosted.org/packages/36/2e/c0f017c405fcdc252dbccafbe05e36b0d0eb1ea9a958f081e01c6972927f/pyarrow-23.0.1-cp314-cp314-manylinux_2_28_x86_64.whl", hash = "sha256:4982d71350b1a6e5cfe1af742c53dfb759b11ce14141870d05d9e540d13bc5d1", size = 47614443, upload-time = "2026-02-16T10:12:55.525Z" },
    { url = "https://files.pythonhosted.org/packages/af/6b/2314a78057912f5627afa13ba43809d9d653e6630859618b0fd81a4e0759/pyarrow-23.0.1-cp314-cp314-musllinux_1_2_aarch64.whl", hash = "sha256:c250248f1fe266db627921c89b47b7c06fee0489ad95b04d50353537d74d6886", size = 48232991, upload-time = "2026-02-16T10:13:04.729Z" },
    { url = "https://files.pythonhosted.org/packages/40/f2/1bcb1d3be3460832ef3370d621142216e15a2c7c62602a4ea19ec240dd64/pyarrow-23.0.1-cp314-cp314-musllinux_1_2_x86_64.whl", hash = "sha256:5f4763b83c11c16e5f4c15601ba6dfa849e20723b46aa2617cb4bffe8768479f", size = 50645077, upload-time = "2026-02-16T10:13:14.147Z" },
    { url = "https://files.pythonhosted.org/packages/eb/3f/b1da7b61cd66566a4d4c8383d376c606d1c34a906c3f1cb35c479f59d1aa/pyarrow-23.0.1-cp314-cp314-win_amd64.whl", hash = "sha256:3a4c85ef66c134161987c17b147d6bffdca4566f9a4c1d81a0a01cdf08414ea5", size = 28234271, upload-time = "2026-02-16T10:14:09.397Z" },
    { url = "https://files.pythonhosted.org/packages/b5/78/07f67434e910a0f7323269be7bfbf58699bd0c1d080b18a1ab49ba943fe8/pyarrow-23.0.1-cp314-cp314t-macosx_12_0_arm64.whl", hash = "sha256:17cd28e906c18af486a499422740298c52d7c6795344ea5002a7720b4eadf16d", size = 34488692, upload-time = "2026-02-16T10:13:21.541Z" },
    { url = "https://files.pythonhosted.org/packages/50/76/34cf7ae93ece1f740a04910d9f7e80ba166b9b4ab9596a953e9e62b90fe1/pyarrow-23.0.1-cp314-cp314t-macosx_12_0_x86_64.whl", hash = "sha256:76e823d0e86b4fb5e1cf4a58d293036e678b5a4b03539be933d3b31f9406859f", size = 35964383, upload-time = "2026-02-16T10:13:28.63Z" },
    { url = "https://files.pythonhosted.org/packages/46/90/459b827238936d4244214be7c684e1b366a63f8c78c380807ae25ed92199/pyarrow-23.0.1-cp314-cp314t-manylinux_2_28_aarch64.whl", hash = "sha256:a62e1899e3078bf65943078b3ad2a6ddcacf2373bc06379aac61b1e548a75814", size = 44538119, upload-time = "2026-02-16T10:13:35.506Z" },
    { url = "https://files.pythonhosted.org/packages/28/a1/93a71ae5881e99d1f9de1d4554a87be37da11cd6b152239fb5bd924fdc64/pyarrow-23.0.1-cp314-cp314t-manylinux_2_28_x86_64.whl", hash = "sha256:df088e8f640c9fae3b1f495b3c64755c4e719091caf250f3a74d095ddf3c836d", size = 47571199, upload-time = "2026-02-16T10:13:42.504Z" },
    { url = "https://files.pythonhosted.org/packages/88/a3/d2c462d4ef313521eaf2eff04d204ac60775263f1fb08c374b543f79f610/pyarrow-23.0.1-cp314-cp314t-musllinux_1_2_aarch64.whl", hash = "sha256:46718a220d64677c93bc243af1d44b55998255427588e400677d7192671845c7", size = 48259435, upload-time = "2026-02-16T10:13:49.226Z" },
    { url = "https://files.pythonhosted.org/packages/cc/f1/11a544b8c3d38a759eb3fbb022039117fd633e9a7b19e4841cc3da091915/pyarrow-23.0.1-cp314-cp314t-musllinux_1_2_x86_64.whl", hash = "sha256:a09f3876e87f48bc2f13583ab551f0379e5dfb83210391e68ace404181a20690", size = 50629149, upload-time = "2026-02-16T10:13:57.238Z" },
    { url = "https://files.pythonhosted.org/packages/50/f2/c0e76a0b451ffdf0cf788932e182758eb7558953f4f27f1aff8e2518b653/pyarrow-23.0.1-cp314-cp314t-win_amd64.whl", hash = "sha256:527e8d899f14bd15b740cd5a54ad56b7f98044955373a17179d5956ddb93d9ce", size = 28365807, upload-time = "2026-02-16T10:14:03.892Z" },
]

[[package]]
name = "pygments"
version = "2.19.2"
source = { registry = "https://pypi.org/simple" }
sdist = { url = "https://files.pythonhosted.org/packages/b0/77/a5b8c569bf593b0140bde72ea885a803b82086995367bf2037de0159d924/pygments-2.19.2.tar.gz", hash = "sha256:636cb2477cec7f8952536970bc533bc43743542f70392ae026374600add5b887", size = 4968631, upload-time = "2025-06-21T13:39:12.283Z" }
wheels = [
    { url = "https://files.pythonhosted.org/packages/c7/21/705964c7812476f378728bdf590ca4b771ec72385c533964653c68e86bdc/pygments-2.19.2-py3-none-any.whl", hash = "sha256:86540386c03d588bb81d44bc3928634ff26449851e99741617ecb9037ee5ec0b", size = 1225217, upload-time = "2025-06-21T13:39:07.939Z" },
]

[[package]]
name = "pytest"
version = "9.0.2"
source = { registry = "https://pypi.org/simple" }
dependencies = [
    { name = "colorama", marker = "sys_platform == 'win32'" },
    { name = "iniconfig" },
    { name = "packaging" },
    { name = "pluggy" },
    { name = "pygments" },
]
sdist = { url = "https://files.pythonhosted.org/packages/d1/db/7ef3487e0fb0049ddb5ce41d3a49c235bf9ad299b6a25d5780a89f19230f/pytest-9.0.2.tar.gz", hash = "sha256:75186651a92bd89611d1d9fc20f0b4345fd827c41ccd5c299a868a05d70edf11", size = 1568901, upload-time = "2025-12-06T21:30:51.014Z" }
wheels = [
    { url = "https://files.pythonhosted.org/packages/3b/ab/b3226f0bd7cdcf710fbede2b3548584366da3b19b5021e74f5bde2a8fa3f/pytest-9.0.2-py3-none-any.whl", hash = "sha256:711ffd45bf766d5264d487b917733b453d917afd2b0ad65223959f59089f875b", size = 374801, upload-time = "2025-12-06T21:30:49.154Z" },
]

[[package]]
name = "pytest-timeout"
version = "2.4.0"
source = { registry = "https://pypi.org/simple" }
dependencies = [
    { name = "pytest" },
]
sdist = { url = "https://files.pythonhosted.org/packages/ac/82/4c9ecabab13363e72d880f2fb504c5f750433b2b6f16e99f4ec21ada284c/pytest_timeout-2.4.0.tar.gz", hash = "sha256:7e68e90b01f9eff71332b25001f85c75495fc4e3a836701876183c4bcfd0540a", size = 17973, upload-time = "2025-05-05T19:44:34.99Z" }
wheels = [
    { url = "https://files.pythonhosted.org/packages/fa/b6/3127540ecdf1464a00e5a01ee60a1b09175f6913f0644ac748494d9c4b21/pytest_timeout-2.4.0-py3-none-any.whl", hash = "sha256:c42667e5cdadb151aeb5b26d114aff6bdf5a907f176a007a30b940d3d865b5c2", size = 14382, upload-time = "2025-05-05T19:44:33.502Z" },
]

[[package]]
name = "typing-extensions"
version = "4.15.0"
source = { registry = "https://pypi.org/simple" }
sdist = { url = "https://files.pythonhosted.org/packages/72/94/1a15dd82efb362ac84269196e94cf00f187f7ed21c242792a923cdb1c61f/typing_extensions-4.15.0.tar.gz", hash = "sha256:0cea48d173cc12fa28ecabc3b837ea3cf6f38c6d1136f85cbaaf598984861466", size = 109391, upload-time = "2025-08-25T13:49:26.313Z" }
wheels = [
    { url = "https://files.pythonhosted.org/packages/18/67/36e9267722cc04a6b9f15c7f3441c2363321a3ea07da7ae0c0707beb2a9c/typing_extensions-4.15.0-py3-none-any.whl", hash = "sha256:f0fa19c6845758ab08074a0cfa8b7aecb71c999ca73d62883bc25cc018c4e548", size = 44614, upload-time = "2025-08-25T13:49:24.86Z" },
]

[[package]]
name = "tzdata"
version = "2025.3"
source = { registry = "https://pypi.org/simple" }
sdist = { url = "https://files.pythonhosted.org/packages/5e/a7/c202b344c5ca7daf398f3b8a477eeb205cf3b6f32e7ec3a6bac0629ca975/tzdata-2025.3.tar.gz", hash = "sha256:de39c2ca5dc7b0344f2eba86f49d614019d29f060fc4ebc8a417896a620b56a7", size = 196772, upload-time = "2025-12-13T17:45:35.667Z" }
wheels = [
    { url = "https://files.pythonhosted.org/packages/c7/b0/003792df09decd6849a5e39c28b513c06e84436a54440380862b5aeff25d/tzdata-2025.3-py2.py3-none-any.whl", hash = "sha256:06a47e5700f3081aab02b2e513160914ff0694bce9947d6b76ebd6bf57cfc5d1", size = 348521, upload-time = "2025-12-13T17:45:33.889Z" },
]

[[package]]
name = "vgi-rpc"
version = "0.1.27"
source = { registry = "https://pypi.org/simple" }
dependencies = [
    { name = "docstring-parser" },
    { name = "pyarrow" },
    { name = "tzdata", marker = "sys_platform == 'win32'" },
]
sdist = { url = "https://files.pythonhosted.org/packages/44/66/9ad0152c2a465e22b61fb22c3170905164fa09d2b6d65365e5ce19156f01/vgi_rpc-0.1.27.tar.gz", hash = "sha256:4759b3232881fbc8168feb90700e26460dbc1c454b31cc0520e16c26fcef69f3", size = 566385, upload-time = "2026-03-19T18:50:12.433Z" }
wheels = [
    { url = "https://files.pythonhosted.org/packages/17/00/3db779c9555d72226ce47b1f939862a12bea38fd9dd5c69f9f700528cecd/vgi_rpc-0.1.27-py3-none-any.whl", hash = "sha256:74a7bf62a2f655177ee38aaae57eebb7d5628bac9ad011c020800548866ac2ac", size = 219762, upload-time = "2026-03-19T18:50:10.793Z" },
]

[package.optional-dependencies]
http = [
    { name = "falcon" },
    { name = "httpx" },
    { name = "waitress" },
    { name = "zstandard" },
]
otel = [
    { name = "opentelemetry-api" },
    { name = "opentelemetry-sdk" },
]

[[package]]
name = "vgi-rpc-sync"
version = "0.1.0"
source = { virtual = "." }
dependencies = [
    { name = "httpx" },
    { name = "pytest" },
    { name = "pytest-timeout" },
    { name = "vgi-rpc", extra = ["http", "otel"] },
]

[package.metadata]
requires-dist = [
    { name = "httpx", specifier = ">=0.27" },
    { name = "pytest", specifier = ">=8.0" },
    { name = "pytest-timeout", specifier = ">=2.0" },
    { name = "vgi-rpc", extras = ["otel", "http"], specifier = ">=0.1.27" },
]

[[package]]
name = "waitress"
version = "3.0.2"
source = { registry = "https://pypi.org/simple" }
sdist = { url = "https://files.pythonhosted.org/packages/bf/cb/04ddb054f45faa306a230769e868c28b8065ea196891f09004ebace5b184/waitress-3.0.2.tar.gz", hash = "sha256:682aaaf2af0c44ada4abfb70ded36393f0e307f4ab9456a215ce0020baefc31f", size = 179901, upload-time = "2024-11-16T20:02:35.195Z" }
wheels = [
    { url = "https://files.pythonhosted.org/packages/8d/57/a27182528c90ef38d82b636a11f606b0cbb0e17588ed205435f8affe3368/waitress-3.0.2-py3-none-any.whl", hash = "sha256:c56d67fd6e87c2ee598b76abdd4e96cfad1f24cacdea5078d382b1f9d7b5ed2e", size = 56232, upload-time = "2024-11-16T20:02:33.858Z" },
]

[[package]]
name = "zipp"
version = "3.23.0"
source = { registry = "https://pypi.org/simple" }
sdist = { url = "https://files.pythonhosted.org/packages/e3/02/0f2892c661036d50ede074e376733dca2ae7c6eb617489437771209d4180/zipp-3.23.0.tar.gz", hash = "sha256:a07157588a12518c9d4034df3fbbee09c814741a33ff63c05fa29d26a2404166", size = 25547, upload-time = "2025-06-08T17:06:39.4Z" }
wheels = [
    { url = "https://files.pythonhosted.org/packages/2e/54/647ade08bf0db230bfea292f893923872fd20be6ac6f53b2b936ba839d75/zipp-3.23.0-py3-none-any.whl", hash = "sha256:071652d6115ed432f5ce1d34c336c0adfd6a884660d1e9712a256d3d3bd4b14e", size = 10276, upload-time = "2025-06-08T17:06:38.034Z" },
]

[[package]]
name = "zstandard"
version = "0.25.0"
source = { registry = "https://pypi.org/simple" }
sdist = { url = "https://files.pythonhosted.org/packages/fd/aa/3e0508d5a5dd96529cdc5a97011299056e14c6505b678fd58938792794b1/zstandard-0.25.0.tar.gz", hash = "sha256:7713e1179d162cf5c7906da876ec2ccb9c3a9dcbdffef0cc7f70c3667a205f0b", size = 711513, upload-time = "2025-09-14T22:15:54.002Z" }
wheels = [
    { url = "https://files.pythonhosted.org/packages/35/0b/8df9c4ad06af91d39e94fa96cc010a24ac4ef1378d3efab9223cc8593d40/zstandard-0.25.0-cp313-cp313-macosx_10_13_x86_64.whl", hash = "sha256:ec996f12524f88e151c339688c3897194821d7f03081ab35d31d1e12ec975e94", size = 795735, upload-time = "2025-09-14T22:17:26.042Z" },
    { url = "https://files.pythonhosted.org/packages/3f/06/9ae96a3e5dcfd119377ba33d4c42a7d89da1efabd5cb3e366b156c45ff4d/zstandard-0.25.0-cp313-cp313-macosx_11_0_arm64.whl", hash = "sha256:a1a4ae2dec3993a32247995bdfe367fc3266da832d82f8438c8570f989753de1", size = 640440, upload-time = "2025-09-14T22:17:27.366Z" },
    { url = "https://files.pythonhosted.org/packages/d9/14/933d27204c2bd404229c69f445862454dcc101cd69ef8c6068f15aaec12c/zstandard-0.25.0-cp313-cp313-manylinux2010_i686.manylinux2014_i686.manylinux_2_12_i686.manylinux_2_17_i686.whl", hash = "sha256:e96594a5537722fdfb79951672a2a63aec5ebfb823e7560586f7484819f2a08f", size = 5343070, upload-time = "2025-09-14T22:17:28.896Z" },
    { url = "https://files.pythonhosted.org/packages/6d/db/ddb11011826ed7db9d0e485d13df79b58586bfdec56e5c84a928a9a78c1c/zstandard-0.25.0-cp313-cp313-manylinux2014_aarch64.manylinux_2_17_aarch64.whl", hash = "sha256:bfc4e20784722098822e3eee42b8e576b379ed72cca4a7cb856ae733e62192ea", size = 5063001, upload-time = "2025-09-14T22:17:31.044Z" },
    { url = "https://files.pythonhosted.org/packages/db/00/87466ea3f99599d02a5238498b87bf84a6348290c19571051839ca943777/zstandard-0.25.0-cp313-cp313-manylinux2014_ppc64le.manylinux_2_17_ppc64le.whl", hash = "sha256:457ed498fc58cdc12fc48f7950e02740d4f7ae9493dd4ab2168a47c93c31298e", size = 5394120, upload-time = "2025-09-14T22:17:32.711Z" },
    { url = "https://files.pythonhosted.org/packages/2b/95/fc5531d9c618a679a20ff6c29e2b3ef1d1f4ad66c5e161ae6ff847d102a9/zstandard-0.25.0-cp313-cp313-manylinux2014_s390x.manylinux_2_17_s390x.whl", hash = "sha256:fd7a5004eb1980d3cefe26b2685bcb0b17989901a70a1040d1ac86f1d898c551", size = 5451230, upload-time = "2025-09-14T22:17:34.41Z" },
    { url = "https://files.pythonhosted.org/packages/63/4b/e3678b4e776db00f9f7b2fe58e547e8928ef32727d7a1ff01dea010f3f13/zstandard-0.25.0-cp313-cp313-manylinux2014_x86_64.manylinux_2_17_x86_64.whl", hash = "sha256:8e735494da3db08694d26480f1493ad2cf86e99bdd53e8e9771b2752a5c0246a", size = 5547173, upload-time = "2025-09-14T22:17:36.084Z" },
    { url = "https://files.pythonhosted.org/packages/4e/d5/ba05ed95c6b8ec30bd468dfeab20589f2cf709b5c940483e31d991f2ca58/zstandard-0.25.0-cp313-cp313-musllinux_1_1_aarch64.whl", hash = "sha256:3a39c94ad7866160a4a46d772e43311a743c316942037671beb264e395bdd611", size = 5046736, upload-time = "2025-09-14T22:17:37.891Z" },
    { url = "https://files.pythonhosted.org/packages/50/d5/870aa06b3a76c73eced65c044b92286a3c4e00554005ff51962deef28e28/zstandard-0.25.0-cp313-cp313-musllinux_1_1_x86_64.whl", hash = "sha256:172de1f06947577d3a3005416977cce6168f2261284c02080e7ad0185faeced3", size = 5576368, upload-time = "2025-09-14T22:17:40.206Z" },
    { url = "https://files.pythonhosted.org/packages/5d/35/398dc2ffc89d304d59bc12f0fdd931b4ce455bddf7038a0a67733a25f550/zstandard-0.25.0-cp313-cp313-musllinux_1_2_aarch64.whl", hash = "sha256:3c83b0188c852a47cd13ef3bf9209fb0a77fa5374958b8c53aaa699398c6bd7b", size = 4954022, upload-time = "2025-09-14T22:17:41.879Z" },
    { url = "https://files.pythonhosted.org/packages/9a/5c/36ba1e5507d56d2213202ec2b05e8541734af5f2ce378c5d1ceaf4d88dc4/zstandard-0.25.0-cp313-cp313-musllinux_1_2_i686.whl", hash = "sha256:1673b7199bbe763365b81a4f3252b8e80f44c9e323fc42940dc8843bfeaf9851", size = 5267889, upload-time = "2025-09-14T22:17:43.577Z" },
    { url = "https://files.pythonhosted.org/packages/70/e8/2ec6b6fb7358b2ec0113ae202647ca7c0e9d15b61c005ae5225ad0995df5/zstandard-0.25.0-cp313-cp313-musllinux_1_2_ppc64le.whl", hash = "sha256:0be7622c37c183406f3dbf0cba104118eb16a4ea7359eeb5752f0794882fc250", size = 5433952, upload-time = "2025-09-14T22:17:45.271Z" },
    { url = "https://files.pythonhosted.org/packages/7b/01/b5f4d4dbc59ef193e870495c6f1275f5b2928e01ff5a81fecb22a06e22fb/zstandard-0.25.0-cp313-cp313-musllinux_1_2_s390x.whl", hash = "sha256:5f5e4c2a23ca271c218ac025bd7d635597048b366d6f31f420aaeb715239fc98", size = 5814054, upload-time = "2025-09-14T22:17:47.08Z" },
    { url = "https://files.pythonhosted.org/packages/b2/e5/fbd822d5c6f427cf158316d012c5a12f233473c2f9c5fe5ab1ae5d21f3d8/zstandard-0.25.0-cp313-cp313-musllinux_1_2_x86_64.whl", hash = "sha256:4f187a0bb61b35119d1926aee039524d1f93aaf38a9916b8c4b78ac8514a0aaf", size = 5360113, upload-time = "2025-09-14T22:17:48.893Z" },
    { url = "https://files.pythonhosted.org/packages/8e/e0/69a553d2047f9a2c7347caa225bb3a63b6d7704ad74610cb7823baa08ed7/zstandard-0.25.0-cp313-cp313-win32.whl", hash = "sha256:7030defa83eef3e51ff26f0b7bfb229f0204b66fe18e04359ce3474ac33cbc09", size = 436936, upload-time = "2025-09-14T22:17:52.658Z" },
    { url = "https://files.pythonhosted.org/packages/d9/82/b9c06c870f3bd8767c201f1edbdf9e8dc34be5b0fbc5682c4f80fe948475/zstandard-0.25.0-cp313-cp313-win_amd64.whl", hash = "sha256:1f830a0dac88719af0ae43b8b2d6aef487d437036468ef3c2ea59c51f9d55fd5", size = 506232, upload-time = "2025-09-14T22:17:50.402Z" },
    { url = "https://files.pythonhosted.org/packages/d4/57/60c3c01243bb81d381c9916e2a6d9e149ab8627c0c7d7abb2d73384b3c0c/zstandard-0.25.0-cp313-cp313-win_arm64.whl", hash = "sha256:85304a43f4d513f5464ceb938aa02c1e78c2943b29f44a750b48b25ac999a049", size = 462671, upload-time = "2025-09-14T22:17:51.533Z" },
    { url = "https://files.pythonhosted.org/packages/3d/5c/f8923b595b55fe49e30612987ad8bf053aef555c14f05bb659dd5dbe3e8a/zstandard-0.25.0-cp314-cp314-macosx_10_13_x86_64.whl", hash = "sha256:e29f0cf06974c899b2c188ef7f783607dbef36da4c242eb6c82dcd8b512855e3", size = 795887, upload-time = "2025-09-14T22:17:54.198Z" },
    { url = "https://files.pythonhosted.org/packages/8d/09/d0a2a14fc3439c5f874042dca72a79c70a532090b7ba0003be73fee37ae2/zstandard-0.25.0-cp314-cp314-macosx_11_0_arm64.whl", hash = "sha256:05df5136bc5a011f33cd25bc9f506e7426c0c9b3f9954f056831ce68f3b6689f", size = 640658, upload-time = "2025-09-14T22:17:55.423Z" },
    { url = "https://files.pythonhosted.org/packages/5d/7c/8b6b71b1ddd517f68ffb55e10834388d4f793c49c6b83effaaa05785b0b4/zstandard-0.25.0-cp314-cp314-manylinux2010_i686.manylinux_2_12_i686.manylinux_2_28_i686.whl", hash = "sha256:f604efd28f239cc21b3adb53eb061e2a205dc164be408e553b41ba2ffe0ca15c", size = 5379849, upload-time = "2025-09-14T22:17:57.372Z" },
    { url = "https://files.pythonhosted.org/packages/a4/86/a48e56320d0a17189ab7a42645387334fba2200e904ee47fc5a26c1fd8ca/zstandard-0.25.0-cp314-cp314-manylinux2014_aarch64.manylinux_2_17_aarch64.manylinux_2_28_aarch64.whl", hash = "sha256:223415140608d0f0da010499eaa8ccdb9af210a543fac54bce15babbcfc78439", size = 5058095, upload-time = "2025-09-14T22:17:59.498Z" },
    { url = "https://files.pythonhosted.org/packages/f8/ad/eb659984ee2c0a779f9d06dbfe45e2dc39d99ff40a319895df2d3d9a48e5/zstandard-0.25.0-cp314-cp314-manylinux2014_ppc64le.manylinux_2_17_ppc64le.manylinux_2_28_ppc64le.whl", hash = "sha256:2e54296a283f3ab5a26fc9b8b5d4978ea0532f37b231644f367aa588930aa043", size = 5551751, upload-time = "2025-09-14T22:18:01.618Z" },
    { url = "https://files.pythonhosted.org/packages/61/b3/b637faea43677eb7bd42ab204dfb7053bd5c4582bfe6b1baefa80ac0c47b/zstandard-0.25.0-cp314-cp314-manylinux2014_s390x.manylinux_2_17_s390x.manylinux_2_28_s390x.whl", hash = "sha256:ca54090275939dc8ec5dea2d2afb400e0f83444b2fc24e07df7fdef677110859", size = 6364818, upload-time = "2025-09-14T22:18:03.769Z" },
    { url = "https://files.pythonhosted.org/packages/31/dc/cc50210e11e465c975462439a492516a73300ab8caa8f5e0902544fd748b/zstandard-0.25.0-cp314-cp314-manylinux2014_x86_64.manylinux_2_17_x86_64.manylinux_2_28_x86_64.whl", hash = "sha256:e09bb6252b6476d8d56100e8147b803befa9a12cea144bbe629dd508800d1ad0", size = 5560402, upload-time = "2025-09-14T22:18:05.954Z" },
    { url = "https://files.pythonhosted.org/packages/c9/ae/56523ae9c142f0c08efd5e868a6da613ae76614eca1305259c3bf6a0ed43/zstandard-0.25.0-cp314-cp314-musllinux_1_2_aarch64.whl", hash = "sha256:a9ec8c642d1ec73287ae3e726792dd86c96f5681eb8df274a757bf62b750eae7", size = 4955108, upload-time = "2025-09-14T22:18:07.68Z" },
    { url = "https://files.pythonhosted.org/packages/98/cf/c899f2d6df0840d5e384cf4c4121458c72802e8bda19691f3b16619f51e9/zstandard-0.25.0-cp314-cp314-musllinux_1_2_i686.whl", hash = "sha256:a4089a10e598eae6393756b036e0f419e8c1d60f44a831520f9af41c14216cf2", size = 5269248, upload-time = "2025-09-14T22:18:09.753Z" },
    { url = "https://files.pythonhosted.org/packages/1b/c0/59e912a531d91e1c192d3085fc0f6fb2852753c301a812d856d857ea03c6/zstandard-0.25.0-cp314-cp314-musllinux_1_2_ppc64le.whl", hash = "sha256:f67e8f1a324a900e75b5e28ffb152bcac9fbed1cc7b43f99cd90f395c4375344", size = 5430330, upload-time = "2025-09-14T22:18:11.966Z" },
    { url = "https://files.pythonhosted.org/packages/a0/1d/7e31db1240de2df22a58e2ea9a93fc6e38cc29353e660c0272b6735d6669/zstandard-0.25.0-cp314-cp314-musllinux_1_2_s390x.whl", hash = "sha256:9654dbc012d8b06fc3d19cc825af3f7bf8ae242226df5f83936cb39f5fdc846c", size = 5811123, upload-time = "2025-09-14T22:18:13.907Z" },
    { url = "https://files.pythonhosted.org/packages/f6/49/fac46df5ad353d50535e118d6983069df68ca5908d4d65b8c466150a4ff1/zstandard-0.25.0-cp314-cp314-musllinux_1_2_x86_64.whl", hash = "sha256:4203ce3b31aec23012d3a4cf4a2ed64d12fea5269c49aed5e4c3611b938e4088", size = 5359591, upload-time = "2025-09-14T22:18:16.465Z" },
    { url = "https://files.pythonhosted.org/packages/c2/38/f249a2050ad1eea0bb364046153942e34abba95dd5520af199aed86fbb49/zstandard-0.25.0-cp314-cp314-win32.whl", hash = "sha256:da469dc041701583e34de852d8634703550348d5822e66a0c827d39b05365b12", size = 444513, upload-time = "2025-09-14T22:18:20.61Z" },
    { url = "https://files.pythonhosted.org/packages/3a/43/241f9615bcf8ba8903b3f0432da069e857fc4fd1783bd26183db53c4804b/zstandard-0.25.0-cp314-cp314-win_amd64.whl", hash = "sha256:c19bcdd826e95671065f8692b5a4aa95c52dc7a02a4c5a0cac46deb879a017a2", size = 516118, upload-time = "2025-09-14T22:18:17.849Z" },
    { url = "https://files.pythonhosted.org/packages/f0/ef/da163ce2450ed4febf6467d77ccb4cd52c4c30ab45624bad26ca0a27260c/zstandard-0.25.0-cp314-cp314-win_arm64.whl", hash = "sha256:d7541afd73985c630bafcd6338d2518ae96060075f9463d7dc14cfb33514383d", size = 476940, upload-time = "2025-09-14T22:18:19.088Z" },
]
